
Microsoft Visual Studio Solution File, Format Version 12.00
# Visual Studio Version 17
VisualStudioVersion = 17.10.35122.118
MinimumVisualStudioVersion = 10.0.40219.1
Project("{FAE04EC0-301F-11D3-BF4B-00C04F79EFBC}") = "TaskManagerServer", "TaskManagerServer\TaskManagerServer.csproj", "{C8C0AF2D-DE0D-4271-9BCF-D7F20FFBCE0F}"
EndProject
Global
	GlobalSection(SolutionConfigurationPlatforms) = preSolution
		Debug|Any CPU = Debug|Any CPU
		Release|Any CPU = Release|Any CPU
	EndGlobalSection
	GlobalSection(ProjectConfigurationPlatforms) = postSolution
		{C8C0AF2D-DE0D-4271-9BCF-D7F20FFBCE0F}.Debug|Any CPU.ActiveCfg = Debug|Any CPU
		{C8C0AF2D-DE0D-4271-9BCF-D7F20FFBCE0F}.Debug|Any CPU.Build.0 = Debug|Any CPU
		{C8C0AF2D-DE0D-4271-9BCF-D7F20FFBCE0F}.Release|Any CPU.ActiveCfg = Release|Any CPU
		{C8C0AF2D-DE0D-4271-9BCF-D7F20FFBCE0F}.Release|Any CPU.Build.0 = Release|Any CPU
	EndGlobalSection
	GlobalSection(SolutionProperties) = preSolution
		HideSolutionNode = FALSE
	EndGlobalSection
	GlobalSection(ExtensibilityGlobals) = postSolution
		SolutionGuid = {4D3785F3-E7BB-42DA-898A-72A4F0FF91E9}
	EndGlobalSection
EndGlobal
